
Microsoft Visual Studio Solution File, Format Version 12.00
# Visual Studio Version 17
VisualStudioVersion = 17.5.002.0
MinimumVisualStudioVersion = 10.0.40219.1
Project("{9A19103F-16F7-4668-BE54-9A1E7A4F7556}") = "FriendsTracker", "FriendsTracker\FriendsTracker.csproj", "{51B75BA3-C991-403B-8F35-9E89CB29DD0D}"
EndProject
Global
	GlobalSection(SolutionConfigurationPlatforms) = preSolution
		Debug|Any CPU = Debug|Any CPU
		Release|Any CPU = Release|Any CPU
	EndGlobalSection
	GlobalSection(ProjectConfigurationPlatforms) = postSolution
		{51B75BA3-C991-403B-8F35-9E89CB29DD0D}.Debug|Any CPU.ActiveCfg = Debug|Any CPU
		{51B75BA3-C991-403B-8F35-9E89CB29DD0D}.Debug|Any CPU.Build.0 = Debug|Any CPU
		{51B75BA3-C991-403B-8F35-9E89CB29DD0D}.Release|Any CPU.ActiveCfg = Release|Any CPU
		{51B75BA3-C991-403B-8F35-9E89CB29DD0D}.Release|Any CPU.Build.0 = Release|Any CPU
	EndGlobalSection
	GlobalSection(SolutionProperties) = preSolution
		HideSolutionNode = FALSE
	EndGlobalSection
	GlobalSection(ExtensibilityGlobals) = postSolution
		SolutionGuid = {2ABB1D85-D926-4E06-A41F-71319DA36012}
	EndGlobalSection
EndGlobal
